Microsoft Visual Studio Solution File, Format Version 12.00
# Visual Studio Version 17
VisualStudioVersion = 17.5.2.0
MinimumVisualStudioVersion = 10.0.40219.1
Project("{FAE04EC0-301F-11D3-BF4B-00C04F79EFBC}") = "AIChaos.Brain", "AIChaos.Brain\AIChaos.Brain.csproj", "{5D377F4F-1AC3-A470-0A34-A3AD9AFE24E1}"
EndProject
Global
	GlobalSection(SolutionConfigurationPlatforms) = preSolution
		Debug|Any CPU = Debug|Any CPU
		Release|Any CPU = Release|Any CPU
	EndGlobalSection
	GlobalSection(ProjectConfigurationPlatforms) = postSolution
		{5D377F4F-1AC3-A470-0A34-A3AD9AFE24E1}.Debug|Any CPU.ActiveCfg = Debug|Any CPU
		{5D377F4F-1AC3-A470-0A34-A3AD9AFE24E1}.Debug|Any CPU.Build.0 = Debug|Any CPU
		{5D377F4F-1AC3-A470-0A34-A3AD9AFE24E1}.Release|Any CPU.ActiveCfg = Release|Any CPU
		{5D377F4F-1AC3-A470-0A34-A3AD9AFE24E1}.Release|Any CPU.Build.0 = Release|Any CPU
	EndGlobalSection
	GlobalSection(SolutionProperties) = preSolution
		HideSolutionNode = FALSE
	EndGlobalSection
	GlobalSection(ExtensibilityGlobals) = postSolution
		SolutionGuid = {14F7B5C1-DD4B-4E25-B6A5-2584F2459994}
	EndGlobalSection
EndGlobal
